// !$*UTF8*$!
{
	archiveVersion = 1;
	classes = {
	};
	objectVersion = 46;
	objects = {

/* Begin PBXFileReference section */
		98372DF0178C790300E6CD62 /* macLauncher.py */ = {isa = PBXFileReference; fileEncoding = 4; lastKnownFileType = text.script.python; path = macLauncher.py; sourceTree = "<group>"; };
		98EB315A1785B17600BB5606 /* sandbox.py */ = {isa = PBXFileReference; fileEncoding = 4; lastKnownFileType = text.script.python; path = sandbox.py; sourceTree = "<group>"; };
		98EB315B1785B17600BB5606 /* postparser.py */ = {isa = PBXFileReference; fileEncoding = 4; lastKnownFileType = text.script.python; path = postparser.py; sourceTree = "<group>"; };
		98EB315C1785B17600BB5606 /* webkit2png.py */ = {isa = PBXFileReference; fileEncoding = 4; lastKnownFileType = text.script.python; path = webkit2png.py; sourceTree = "<group>"; };
		98EB315D1785B17600BB5606 /* __init__.py */ = {isa = PBXFileReference; fileEncoding = 4; lastKnownFileType = text.script.python; path = __init__.py; sourceTree = "<group>"; };
		98EB31601785B21D00BB5606 /* main.py */ = {isa = PBXFileReference; fileEncoding = 4; lastKnownFileType = text.script.python; path = main.py; sourceTree = "<group>"; };
		98EB31611785B27200BB5606 /* __init__.py */ = {isa = PBXFileReference; fileEncoding = 4; lastKnownFileType = text.script.python; path = __init__.py; sourceTree = "<group>"; };
		98EB31621785E24900BB5606 /* cian.py */ = {isa = PBXFileReference; fileEncoding = 4; lastKnownFileType = text.script.python; path = cian.py; sourceTree = "<group>"; };
		98EB31631785EA0400BB5606 /* realto.py */ = {isa = PBXFileReference; fileEncoding = 4; lastKnownFileType = text.script.python; path = realto.py; sourceTree = "<group>"; };
/* End PBXFileReference section */

/* Begin PBXGroup section */
		98EB314A1785AFD500BB5606 = {
			isa = PBXGroup;
			children = (
				98EB31601785B21D00BB5606 /* main.py */,
				98372DF0178C790300E6CD62 /* macLauncher.py */,
				98EB315E1785B18800BB5606 /* SiteGrabs */,
				98EB31551785B06E00BB5606 /* Modules */,
			);
			sourceTree = "<group>";
		};
		98EB31551785B06E00BB5606 /* Modules */ = {
			isa = PBXGroup;
			children = (
				98EB315D1785B17600BB5606 /* __init__.py */,
				98EB315B1785B17600BB5606 /* postparser.py */,
				98EB315A1785B17600BB5606 /* sandbox.py */,
				98EB315C1785B17600BB5606 /* webkit2png.py */,
			);
			path = Modules;
			sourceTree = "<group>";
		};
		98EB315E1785B18800BB5606 /* SiteGrabs */ = {
			isa = PBXGroup;
			children = (
				98EB31611785B27200BB5606 /* __init__.py */,
				98EB31621785E24900BB5606 /* cian.py */,
				98EB31631785EA0400BB5606 /* realto.py */,
			);
			path = SiteGrabs;
			sourceTree = "<group>";
		};
/* End PBXGroup section */

/* Begin PBXLegacyTarget section */
		98EB314F1785AFD500BB5606 /* pyParserApt */ = {
			isa = PBXLegacyTarget;
			buildArgumentsString = "$(ACTION)";
			buildConfigurationList = 98EB31521785AFD500BB5606 /* Build configuration list for PBXLegacyTarget "pyParserApt" */;
			buildPhases = (
			);
			buildToolPath = /Library/Frameworks/Python.framework/Versions/2.7/bin/python2.7;
			buildWorkingDirectory = "";
			dependencies = (
			);
			name = pyParserApt;
			passBuildSettingsInEnvironment = 1;
			productName = pyParserApt;
		};
/* End PBXLegacyTarget section */

/* Begin PBXProject section */
		98EB314B1785AFD500BB5606 /* Project object */ = {
			isa = PBXProject;
			attributes = {
				LastUpgradeCheck = 0460;
				ORGANIZATIONNAME = EverestConsalting;
			};
			buildConfigurationList = 98EB314E1785AFD500BB5606 /* Build configuration list for PBXProject "pyParserApt" */;
			compatibilityVersion = "Xcode 3.2";
			developmentRegion = English;
			hasScannedForEncodings = 0;
			knownRegions = (
				en,
			);
			mainGroup = 98EB314A1785AFD500BB5606;
			projectDirPath = "";
			projectRoot = "";
			targets = (
				98EB314F1785AFD500BB5606 /* pyParserApt */,
			);
		};
/* End PBXProject section */

/* Begin XCBuildConfiguration section */
		98EB31501785AFD500BB5606 /* Debug */ = {
			isa = XCBuildConfiguration;
			buildSettings = {
				ALWAYS_SEARCH_USER_PATHS = NO;
				ARCHS = "$(ARCHS_STANDARD_64_BIT)";
				CLANG_CXX_LANGUAGE_STANDARD = "gnu++0x";
				CLANG_CXX_LIBRARY = "libc++";
				CLANG_WARN_CONSTANT_CONVERSION = YES;
				CLANG_WARN_EMPTY_BODY = YES;
				CLANG_WARN_ENUM_CONVERSION = YES;
				CLANG_WARN_INT_CONVERSION = YES;
				CLANG_WARN__DUPLICATE_METHOD_MATCH = YES;
				COPY_PHASE_STRIP = NO;
				GCC_C_LANGUAGE_STANDARD = gnu99;
				GCC_DYNAMIC_NO_PIC = NO;
				GCC_ENABLE_OBJC_EXCEPTIONS = YES;
				GCC_OPTIMIZATION_LEVEL = 0;
				GCC_PREPROCESSOR_DEFINITIONS = (
					"DEBUG=1",
					"$(inherited)",
				);
				GCC_SYMBOLS_PRIVATE_EXTERN = NO;
				GCC_WARN_64_TO_32_BIT_CONVERSION = YES;
				GCC_WARN_ABOUT_RETURN_TYPE = YES;
				GCC_WARN_UNINITIALIZED_AUTOS = YES;
				GCC_WARN_UNUSED_VARIABLE = YES;
				MACOSX_DEPLOYMENT_TARGET = 10.8;
				ONLY_ACTIVE_ARCH = YES;
				SDKROOT = macosx;
			};
			name = Debug;
		};
		98EB31511785AFD500BB5606 /* Release */ = {
			isa = XCBuildConfiguration;
			buildSettings = {
				ALWAYS_SEARCH_USER_PATHS = NO;
				ARCHS = "$(ARCHS_STANDARD_64_BIT)";
				CLANG_CXX_LANGUAGE_STANDARD = "gnu++0x";
				CLANG_CXX_LIBRARY = "libc++";
				CLANG_WARN_CONSTANT_CONVERSION = YES;
				CLANG_WARN_EMPTY_BODY = YES;
				CLANG_WARN_ENUM_CONVERSION = YES;
				CLANG_WARN_INT_CONVERSION = YES;
				CLANG_WARN__DUPLICATE_METHOD_MATCH = YES;
				COPY_PHASE_STRIP = YES;
				DEBUG_INFORMATION_FORMAT = "dwarf-with-dsym";
				GCC_C_LANGUAGE_STANDARD = gnu99;
				GCC_ENABLE_OBJC_EXCEPTIONS = YES;
				GCC_WARN_64_TO_32_BIT_CONVERSION = YES;
				GCC_WARN_ABOUT_RETURN_TYPE = YES;
				GCC_WARN_UNINITIALIZED_AUTOS = YES;
				GCC_WARN_UNUSED_VARIABLE = YES;
				MACOSX_DEPLOYMENT_TARGET = 10.8;
				SDKROOT = macosx;
			};
			name = Release;
		};
		98EB31531785AFD500BB5606 /* Debug */ = {
			isa = XCBuildConfiguration;
			buildSettings = {
				COMBINE_HIDPI_IMAGES = YES;
				DEBUGGING_SYMBOLS = YES;
				GCC_GENERATE_DEBUGGING_SYMBOLS = YES;
				GCC_OPTIMIZATION_LEVEL = 0;
				OTHER_CFLAGS = "";
				OTHER_LDFLAGS = "";
				PRODUCT_NAME = "$(TARGET_NAME)";
			};
			name = Debug;
		};
		98EB31541785AFD500BB5606 /* Release */ = {
			isa = XCBuildConfiguration;
			buildSettings = {
				COMBINE_HIDPI_IMAGES = YES;
				OTHER_CFLAGS = "";
				OTHER_LDFLAGS = "";
				PRODUCT_NAME = "$(TARGET_NAME)";
			};
			name = Release;
		};
/* End XCBuildConfiguration section */

/* Begin XCConfigurationList section */
		98EB314E1785AFD500BB5606 /* Build configuration list for PBXProject "pyParserApt" */ = {
			isa = XCConfigurationList;
			buildConfigurations = (
				98EB31501785AFD500BB5606 /* Debug */,
				98EB31511785AFD500BB5606 /* Release */,
			);
			defaultConfigurationIsVisible = 0;
			defaultConfigurationName = Release;
		};
		98EB31521785AFD500BB5606 /* Build configuration list for PBXLegacyTarget "pyParserApt" */ = {
			isa = XCConfigurationList;
			buildConfigurations = (
				98EB31531785AFD500BB5606 /* Debug */,
				98EB31541785AFD500BB5606 /* Release */,
			);
			defaultConfigurationIsVisible = 0;
			defaultConfigurationName = Release;
		};
/* End XCConfigurationList section */
	};
	rootObject = 98EB314B1785AFD500BB5606 /* Project object */;
}
